
Microsoft Visual Studio Solution File, Format Version 12.00
# Visual Studio Version 17
VisualStudioVersion = 17.0.31903.59
MinimumVisualStudioVersion = 10.0.40219.1
Project("{FAE04EC0-301F-11D3-BF4B-00C04F79EFBC}") = "KazApi", "KazApi.csproj", "{6F68C8A6-5D0B-4A05-8F63-17948F42D40D}"
EndProject
Project("{FAE04EC0-301F-11D3-BF4B-00C04F79EFBC}") = "CSLib", "..\CSLib\CSLib.csproj", "{B407CC40-95BA-4921-B327-B5519B43444C}"
EndProject
Project("{FAE04EC0-301F-11D3-BF4B-00C04F79EFBC}") = "Repository", "..\Repository\Repository.csproj", "{14DD0EAA-E42C-48D0-A419-7EEE85AE241A}"
EndProject
Project("{FAE04EC0-301F-11D3-BF4B-00C04F79EFBC}") = "autoBattle", "..\..\batch\autoBattle\autoBattle.csproj", "{C662E1D8-C3BC-BB5B-54BE-99D4E91DD2C7}"
EndProject
Project("{FAE04EC0-301F-11D3-BF4B-00C04F79EFBC}") = "PublicApi", "..\PublicApi\PublicApi.csproj", "{38B775F5-BBB4-4E6C-AC46-21170A14C8D5}"
EndProject
Global
	GlobalSection(SolutionConfigurationPlatforms) = preSolution
		Debug|Any CPU = Debug|Any CPU
		Release|Any CPU = Release|Any CPU
	EndGlobalSection
	GlobalSection(ProjectConfigurationPlatforms) = postSolution
		{6F68C8A6-5D0B-4A05-8F63-17948F42D40D}.Debug|Any CPU.ActiveCfg = Debug|Any CPU
		{6F68C8A6-5D0B-4A05-8F63-17948F42D40D}.Debug|Any CPU.Build.0 = Debug|Any CPU
		{6F68C8A6-5D0B-4A05-8F63-17948F42D40D}.Release|Any CPU.ActiveCfg = Release|Any CPU
		{6F68C8A6-5D0B-4A05-8F63-17948F42D40D}.Release|Any CPU.Build.0 = Release|Any CPU
		{B407CC40-95BA-4921-B327-B5519B43444C}.Debug|Any CPU.ActiveCfg = Debug|Any CPU
		{B407CC40-95BA-4921-B327-B5519B43444C}.Debug|Any CPU.Build.0 = Debug|Any CPU
		{B407CC40-95BA-4921-B327-B5519B43444C}.Release|Any CPU.ActiveCfg = Release|Any CPU
		{B407CC40-95BA-4921-B327-B5519B43444C}.Release|Any CPU.Build.0 = Release|Any CPU
		{14DD0EAA-E42C-48D0-A419-7EEE85AE241A}.Debug|Any CPU.ActiveCfg = Debug|Any CPU
		{14DD0EAA-E42C-48D0-A419-7EEE85AE241A}.Debug|Any CPU.Build.0 = Debug|Any CPU
		{14DD0EAA-E42C-48D0-A419-7EEE85AE241A}.Release|Any CPU.ActiveCfg = Release|Any CPU
		{14DD0EAA-E42C-48D0-A419-7EEE85AE241A}.Release|Any CPU.Build.0 = Release|Any CPU
		{C662E1D8-C3BC-BB5B-54BE-99D4E91DD2C7}.Debug|Any CPU.ActiveCfg = Debug|Any CPU
		{C662E1D8-C3BC-BB5B-54BE-99D4E91DD2C7}.Debug|Any CPU.Build.0 = Debug|Any CPU
		{C662E1D8-C3BC-BB5B-54BE-99D4E91DD2C7}.Release|Any CPU.ActiveCfg = Release|Any CPU
		{C662E1D8-C3BC-BB5B-54BE-99D4E91DD2C7}.Release|Any CPU.Build.0 = Release|Any CPU
		{38B775F5-BBB4-4E6C-AC46-21170A14C8D5}.Debug|Any CPU.ActiveCfg = Debug|Any CPU
		{38B775F5-BBB4-4E6C-AC46-21170A14C8D5}.Debug|Any CPU.Build.0 = Debug|Any CPU
		{38B775F5-BBB4-4E6C-AC46-21170A14C8D5}.Release|Any CPU.ActiveCfg = Release|Any CPU
		{38B775F5-BBB4-4E6C-AC46-21170A14C8D5}.Release|Any CPU.Build.0 = Release|Any CPU
	EndGlobalSection
	GlobalSection(SolutionProperties) = preSolution
		HideSolutionNode = FALSE
	EndGlobalSection
	GlobalSection(ExtensibilityGlobals) = postSolution
		SolutionGuid = {6BF52F84-3980-4DE2-BDBE-27C40C662012}
	EndGlobalSection
EndGlobal
